
Microsoft Visual Studio Solution File, Format Version 12.00
# Visual Studio Version 17
VisualStudioVersion = 17.5.33414.496
MinimumVisualStudioVersion = 10.0.40219.1
Project("{FAE04EC0-301F-11D3-BF4B-00C04F79EFBC}") = "BestBuyBestPractices", "BestBuyBestPractices\BestBuyBestPractices.csproj", "{45649C4E-9992-4F82-BE2D-8B99C81B51ED}"
EndProject
Global
	GlobalSection(SolutionConfigurationPlatforms) = preSolution
		Debug|Any CPU = Debug|Any CPU
		Release|Any CPU = Release|Any CPU
	EndGlobalSection
	GlobalSection(ProjectConfigurationPlatforms) = postSolution
		{45649C4E-9992-4F82-BE2D-8B99C81B51ED}.Debug|Any CPU.ActiveCfg = Debug|Any CPU
		{45649C4E-9992-4F82-BE2D-8B99C81B51ED}.Debug|Any CPU.Build.0 = Debug|Any CPU
		{45649C4E-9992-4F82-BE2D-8B99C81B51ED}.Release|Any CPU.ActiveCfg = Release|Any CPU
		{45649C4E-9992-4F82-BE2D-8B99C81B51ED}.Release|Any CPU.Build.0 = Release|Any CPU
	EndGlobalSection
	GlobalSection(SolutionProperties) = preSolution
		HideSolutionNode = FALSE
	EndGlobalSection
	GlobalSection(ExtensibilityGlobals) = postSolution
		SolutionGuid = {71425701-633C-4120-9D27-CAC68D1EAE52}
	EndGlobalSection
EndGlobal
